
Microsoft Visual Studio Solution File, Format Version 12.00
# Visual Studio 15
VisualStudioVersion = 15.0.26430.15
MinimumVisualStudioVersion = 10.0.40219.1
Project("{FAE04EC0-301F-11D3-BF4B-00C04F79EFBC}") = "TecoBerBP", "TecoBerBP\TecoBerBP.csproj", "{EB9E14DB-556D-48B7-858C-700D41D8666D}"
EndProject
Project("{FAE04EC0-301F-11D3-BF4B-00C04F79EFBC}") = "TecoBerBP.Tests", "TecoBerBP.Tests\TecoBerBP.Tests.csproj", "{C6CB9612-3D56-4FA4-9569-05B8FF50361C}"
EndProject
Project("{FAE04EC0-301F-11D3-BF4B-00C04F79EFBC}") = "TecoBerBP.DataModel", "TecoBerBP.DataModel\TecoBerBP.DataModel.csproj", "{BB5B0266-10B7-4604-89E2-AEEEA5E7217E}"
EndProject
Project("{FAE04EC0-301F-11D3-BF4B-00C04F79EFBC}") = "TecoBerBP.DataClasses", "TecoBerBP.DataClasses\TecoBerBP.DataClasses.csproj", "{3A52EAEE-E6E6-40A1-B14C-7A009C2A85FF}"
EndProject
Global
	GlobalSection(SolutionConfigurationPlatforms) = preSolution
		Debug|Any CPU = Debug|Any CPU
		Release|Any CPU = Release|Any CPU
	EndGlobalSection
	GlobalSection(ProjectConfigurationPlatforms) = postSolution
		{EB9E14DB-556D-48B7-858C-700D41D8666D}.Debug|Any CPU.ActiveCfg = Debug|Any CPU
		{EB9E14DB-556D-48B7-858C-700D41D8666D}.Debug|Any CPU.Build.0 = Debug|Any CPU
		{EB9E14DB-556D-48B7-858C-700D41D8666D}.Release|Any CPU.ActiveCfg = Release|Any CPU
		{EB9E14DB-556D-48B7-858C-700D41D8666D}.Release|Any CPU.Build.0 = Release|Any CPU
		{C6CB9612-3D56-4FA4-9569-05B8FF50361C}.Debug|Any CPU.ActiveCfg = Debug|Any CPU
		{C6CB9612-3D56-4FA4-9569-05B8FF50361C}.Debug|Any CPU.Build.0 = Debug|Any CPU
		{C6CB9612-3D56-4FA4-9569-05B8FF50361C}.Release|Any CPU.ActiveCfg = Release|Any CPU
		{C6CB9612-3D56-4FA4-9569-05B8FF50361C}.Release|Any CPU.Build.0 = Release|Any CPU
		{BB5B0266-10B7-4604-89E2-AEEEA5E7217E}.Debug|Any CPU.ActiveCfg = Debug|Any CPU
		{BB5B0266-10B7-4604-89E2-AEEEA5E7217E}.Debug|Any CPU.Build.0 = Debug|Any CPU
		{BB5B0266-10B7-4604-89E2-AEEEA5E7217E}.Release|Any CPU.ActiveCfg = Release|Any CPU
		{BB5B0266-10B7-4604-89E2-AEEEA5E7217E}.Release|Any CPU.Build.0 = Release|Any CPU
		{3A52EAEE-E6E6-40A1-B14C-7A009C2A85FF}.Debug|Any CPU.ActiveCfg = Debug|Any CPU
		{3A52EAEE-E6E6-40A1-B14C-7A009C2A85FF}.Debug|Any CPU.Build.0 = Debug|Any CPU
		{3A52EAEE-E6E6-40A1-B14C-7A009C2A85FF}.Release|Any CPU.ActiveCfg = Release|Any CPU
		{3A52EAEE-E6E6-40A1-B14C-7A009C2A85FF}.Release|Any CPU.Build.0 = Release|Any CPU
	EndGlobalSection
	GlobalSection(SolutionProperties) = preSolution
		HideSolutionNode = FALSE
	EndGlobalSection
EndGlobal
